
Microsoft Visual Studio Solution File, Format Version 12.00
# Visual Studio Version 16
VisualStudioVersion = 16.0.30503.244
MinimumVisualStudioVersion = 10.0.40219.1
Project("{888888A0-9F3D-457C-B088-3A5042F75D52}") = "Ptogect6", "Ptogect6\Ptogect6.pyproj", "{6A860AA3-7893-45E9-A228-51BD7CB5D897}"
EndProject
Global
	GlobalSection(SolutionConfigurationPlatforms) = preSolution
		Debug|Any CPU = Debug|Any CPU
		Release|Any CPU = Release|Any CPU
	EndGlobalSection
	GlobalSection(ProjectConfigurationPlatforms) = postSolution
		{6A860AA3-7893-45E9-A228-51BD7CB5D897}.Debug|Any CPU.ActiveCfg = Debug|Any CPU
		{6A860AA3-7893-45E9-A228-51BD7CB5D897}.Release|Any CPU.ActiveCfg = Release|Any CPU
	EndGlobalSection
	GlobalSection(SolutionProperties) = preSolution
		HideSolutionNode = FALSE
	EndGlobalSection
	GlobalSection(ExtensibilityGlobals) = postSolution
		SolutionGuid = {84A9F586-2C2E-43B2-9BA6-8E8B5506C8C7}
	EndGlobalSection
EndGlobal
