
Microsoft Visual Studio Solution File, Format Version 12.00
# Visual Studio Version 16
VisualStudioVersion = 16.0.30907.101
MinimumVisualStudioVersion = 10.0.40219.1
Project("{888888A0-9F3D-457C-B088-3A5042F75D52}") = "21", "21\21.pyproj", "{3A990E2A-98A5-44EB-8938-6B11E3BB9155}"
EndProject
Global
	GlobalSection(SolutionConfigurationPlatforms) = preSolution
		Debug|Any CPU = Debug|Any CPU
		Release|Any CPU = Release|Any CPU
	EndGlobalSection
	GlobalSection(ProjectConfigurationPlatforms) = postSolution
		{3A990E2A-98A5-44EB-8938-6B11E3BB9155}.Debug|Any CPU.ActiveCfg = Debug|Any CPU
		{3A990E2A-98A5-44EB-8938-6B11E3BB9155}.Release|Any CPU.ActiveCfg = Release|Any CPU
	EndGlobalSection
	GlobalSection(SolutionProperties) = preSolution
		HideSolutionNode = FALSE
	EndGlobalSection
	GlobalSection(ExtensibilityGlobals) = postSolution
		SolutionGuid = {465B018D-3D57-4B75-AA0F-92493F5F974D}
	EndGlobalSection
EndGlobal
